
Microsoft Visual Studio Solution File, Format Version 12.00
# Visual Studio Version 17
VisualStudioVersion = 17.9.34902.65
MinimumVisualStudioVersion = 10.0.40219.1
Project("{FAE04EC0-301F-11D3-BF4B-00C04F79EFBC}") = "TextAnalyzer", "String_modifier\TextAnalyzer.csproj", "{354908C0-0607-457E-98F0-95A7D37CF785}"
EndProject
Global
	GlobalSection(SolutionConfigurationPlatforms) = preSolution
		Debug|Any CPU = Debug|Any CPU
		Release|Any CPU = Release|Any CPU
	EndGlobalSection
	GlobalSection(ProjectConfigurationPlatforms) = postSolution
		{354908C0-0607-457E-98F0-95A7D37CF785}.Debug|Any CPU.ActiveCfg = Debug|Any CPU
		{354908C0-0607-457E-98F0-95A7D37CF785}.Debug|Any CPU.Build.0 = Debug|Any CPU
		{354908C0-0607-457E-98F0-95A7D37CF785}.Release|Any CPU.ActiveCfg = Release|Any CPU
		{354908C0-0607-457E-98F0-95A7D37CF785}.Release|Any CPU.Build.0 = Release|Any CPU
	EndGlobalSection
	GlobalSection(SolutionProperties) = preSolution
		HideSolutionNode = FALSE
	EndGlobalSection
	GlobalSection(ExtensibilityGlobals) = postSolution
		SolutionGuid = {F2FF6DAB-33AA-42D9-9963-7A7A39878A3B}
	EndGlobalSection
EndGlobal
